
Microsoft Visual Studio Solution File, Format Version 12.00
# Visual Studio Version 16
VisualStudioVersion = 16.0.29613.14
MinimumVisualStudioVersion = 10.0.40219.1
Project("{FAE04EC0-301F-11D3-BF4B-00C04F79EFBC}") = "BLOONS_Wasti", "BLOONS_Wasti\BLOONS_Wasti.csproj", "{FC00DC4E-3980-46AB-B59E-500FE2C2C59E}"
EndProject
Global
	GlobalSection(SolutionConfigurationPlatforms) = preSolution
		Debug|Any CPU = Debug|Any CPU
		Release|Any CPU = Release|Any CPU
	EndGlobalSection
	GlobalSection(ProjectConfigurationPlatforms) = postSolution
		{FC00DC4E-3980-46AB-B59E-500FE2C2C59E}.Debug|Any CPU.ActiveCfg = Debug|Any CPU
		{FC00DC4E-3980-46AB-B59E-500FE2C2C59E}.Debug|Any CPU.Build.0 = Debug|Any CPU
		{FC00DC4E-3980-46AB-B59E-500FE2C2C59E}.Release|Any CPU.ActiveCfg = Release|Any CPU
		{FC00DC4E-3980-46AB-B59E-500FE2C2C59E}.Release|Any CPU.Build.0 = Release|Any CPU
	EndGlobalSection
	GlobalSection(SolutionProperties) = preSolution
		HideSolutionNode = FALSE
	EndGlobalSection
	GlobalSection(ExtensibilityGlobals) = postSolution
		SolutionGuid = {B7FBF3A9-76E6-495A-874B-0689F1441FE6}
	EndGlobalSection
EndGlobal
